PODS:
  - ASAutoResizingTextView (0.1.0)
  - Nimble (3.0.0)
  - Quick (0.8.0)

DEPENDENCIES:
  - ASAutoResizingTextView (from `../`)
  - Nimble (= 3.0.0)
  - Quick (~> 0.8.0)

EXTERNAL SOURCES:
  ASAutoResizingTextView:
    :path: ../

SPEC CHECKSUMS:
  ASAutoResizingTextView: b85c506b5911cf4da7f812fd16a68447875aff91
  Nimble: 4c353d43735b38b545cbb4cb91504588eb5de926
  Quick: 563d0f6ec5f72e394645adb377708639b7dd38ab

COCOAPODS: 0.39.0
