// !$*UTF8*$!
{
	archiveVersion = 1;
	classes = {
	};
	objectVersion = 46;
	objects = {

/* Begin PBXBuildFile section */
		3AB482F54454A6F38197F279 /* libPods-ASAutoResizingTextViewTests.a in Frameworks */ = {isa = PBXBuildFile; fileRef = 2085BC517FEE6077F430B16B /* libPods-ASAutoResizingTextViewTests.a */; };
		EADC09091C638A0F002FC686 /* AppDelegate.swift in Sources */ = {isa = PBXBuildFile; fileRef = EADC09081C638A0F002FC686 /* AppDelegate.swift */; };
		EADC090B1C638A0F002FC686 /* ViewController.swift in Sources */ = {isa = PBXBuildFile; fileRef = EADC090A1C638A0F002FC686 /* ViewController.swift */; };
		EADC090E1C638A0F002FC686 /* Main.storyboard in Resources */ = {isa = PBXBuildFile; fileRef = EADC090C1C638A0F002FC686 /* Main.storyboard */; };
		EADC09101C638A0F002FC686 /* Assets.xcassets in Resources */ = {isa = PBXBuildFile; fileRef = EADC090F1C638A0F002FC686 /* Assets.xcassets */; };
		EADC09131C638A0F002FC686 /* LaunchScreen.storyboard in Resources */ = {isa = PBXBuildFile; fileRef = EADC09111C638A0F002FC686 /* LaunchScreen.storyboard */; };
		EADC091E1C638A10002FC686 /* ASAutoResizingTextViewTests.swift in Sources */ = {isa = PBXBuildFile; fileRef = EADC091D1C638A10002FC686 /* ASAutoResizingTextViewTests.swift */; };
		EADC09291C638A10002FC686 /* ASAutoResizingTextViewUITests.swift in Sources */ = {isa = PBXBuildFile; fileRef = EADC09281C638A10002FC686 /* ASAutoResizingTextViewUITests.swift */; };
		EADC09371C639034002FC686 /* ASAutoResizingTextView.swift in Sources */ = {isa = PBXBuildFile; fileRef = EADC09361C639034002FC686 /* ASAutoResizingTextView.swift */; };
/* End PBXBuildFile section */

/* Begin PBXContainerItemProxy section */
		EADC091A1C638A10002FC686 /* PBXContainerItemProxy */ = {
			isa = PBXContainerItemProxy;
			containerPortal = EADC08FD1C638A0F002FC686 /* Project object */;
			proxyType = 1;
			remoteGlobalIDString = EADC09041C638A0F002FC686;
			remoteInfo = ASAutoResizingTextView;
		};
		EADC09251C638A10002FC686 /* PBXContainerItemProxy */ = {
			isa = PBXContainerItemProxy;
			containerPortal = EADC08FD1C638A0F002FC686 /* Project object */;
			proxyType = 1;
			remoteGlobalIDString = EADC09041C638A0F002FC686;
			remoteInfo = ASAutoResizingTextView;
		};
/* End PBXContainerItemProxy section */

/* Begin PBXFileReference section */
		2085BC517FEE6077F430B16B /* libPods-ASAutoResizingTextViewTests.a */ = {isa = PBXFileReference; explicitFileType = archive.ar; includeInIndex = 0; path = "libPods-ASAutoResizingTextViewTests.a"; sourceTree = BUILT_PRODUCTS_DIR; };
		3B476CAE3F8508F999CED172 /* Pods-ASAutoResizingTextViewTests.release.xcconfig */ = {isa = PBXFileReference; includeInIndex = 1; lastKnownFileType = text.xcconfig; name = "Pods-ASAutoResizingTextViewTests.release.xcconfig"; path = "Pods/Target Support Files/Pods-ASAutoResizingTextViewTests/Pods-ASAutoResizingTextViewTests.release.xcconfig"; sourceTree = "<group>"; };
		4B77CA21CBF0FDF41571BA6E /* Pods-ASAutoResizingTextViewTests.debug.xcconfig */ = {isa = PBXFileReference; includeInIndex = 1; lastKnownFileType = text.xcconfig; name = "Pods-ASAutoResizingTextViewTests.debug.xcconfig"; path = "Pods/Target Support Files/Pods-ASAutoResizingTextViewTests/Pods-ASAutoResizingTextViewTests.debug.xcconfig"; sourceTree = "<group>"; };
		EADC09051C638A0F002FC686 /* ASAutoResizingTextView.app */ = {isa = PBXFileReference; explicitFileType = wrapper.application; includeInIndex = 0; path = ASAutoResizingTextView.app; sourceTree = BUILT_PRODUCTS_DIR; };
		EADC09081C638A0F002FC686 /* AppDelegate.swift */ = {isa = PBXFileReference; lastKnownFileType = sourcecode.swift; path = AppDelegate.swift; sourceTree = "<group>"; };
		EADC090A1C638A0F002FC686 /* ViewController.swift */ = {isa = PBXFileReference; lastKnownFileType = sourcecode.swift; path = ViewController.swift; sourceTree = "<group>"; };
		EADC090D1C638A0F002FC686 /* Base */ = {isa = PBXFileReference; lastKnownFileType = file.storyboard; name = Base; path = Base.lproj/Main.storyboard; sourceTree = "<group>"; };
		EADC090F1C638A0F002FC686 /* Assets.xcassets */ = {isa = PBXFileReference; lastKnownFileType = folder.assetcatalog; path = Assets.xcassets; sourceTree = "<group>"; };
		EADC09121C638A0F002FC686 /* Base */ = {isa = PBXFileReference; lastKnownFileType = file.storyboard; name = Base; path = Base.lproj/LaunchScreen.storyboard; sourceTree = "<group>"; };
		EADC09141C638A0F002FC686 /* Info.plist */ = {isa = PBXFileReference; lastKnownFileType = text.plist.xml; path = Info.plist; sourceTree = "<group>"; };
		EADC09191C638A10002FC686 /* ASAutoResizingTextViewTests.xctest */ = {isa = PBXFileReference; explicitFileType = wrapper.cfbundle; includeInIndex = 0; path = ASAutoResizingTextViewTests.xctest; sourceTree = BUILT_PRODUCTS_DIR; };
		EADC091D1C638A10002FC686 /* ASAutoResizingTextViewTests.swift */ = {isa = PBXFileReference; lastKnownFileType = sourcecode.swift; path = ASAutoResizingTextViewTests.swift; sourceTree = "<group>"; };
		EADC091F1C638A10002FC686 /* Info.plist */ = {isa = PBXFileReference; lastKnownFileType = text.plist.xml; path = Info.plist; sourceTree = "<group>"; };
		EADC09241C638A10002FC686 /* ASAutoResizingTextViewUITests.xctest */ = {isa = PBXFileReference; explicitFileType = wrapper.cfbundle; includeInIndex = 0; path = ASAutoResizingTextViewUITests.xctest; sourceTree = BUILT_PRODUCTS_DIR; };
		EADC09281C638A10002FC686 /* ASAutoResizingTextViewUITests.swift */ = {isa = PBXFileReference; lastKnownFileType = sourcecode.swift; path = ASAutoResizingTextViewUITests.swift; sourceTree = "<group>"; };
		EADC092A1C638A10002FC686 /* Info.plist */ = {isa = PBXFileReference; lastKnownFileType = text.plist.xml; path = Info.plist; sourceTree = "<group>"; };
		EADC09361C639034002FC686 /* ASAutoResizingTextView.swift */ = {isa = PBXFileReference; fileEncoding = 4; lastKnownFileType = sourcecode.swift; path = ASAutoResizingTextView.swift; sourceTree = "<group>"; };
/* End PBXFileReference section */

/* Begin PBXFrameworksBuildPhase section */
		EADC09021C638A0F002FC686 /* Frameworks */ = {
			isa = PBXFrameworksBuildPhase;
			buildActionMask = 2147483647;
			files = (
			);
			runOnlyForDeploymentPostprocessing = 0;
		};
		EADC09161C638A10002FC686 /* Frameworks */ = {
			isa = PBXFrameworksBuildPhase;
			buildActionMask = 2147483647;
			files = (
				3AB482F54454A6F38197F279 /* libPods-ASAutoResizingTextViewTests.a in Frameworks */,
			);
			runOnlyForDeploymentPostprocessing = 0;
		};
		EADC09211C638A10002FC686 /* Frameworks */ = {
			isa = PBXFrameworksBuildPhase;
			buildActionMask = 2147483647;
			files = (
			);
			runOnlyForDeploymentPostprocessing = 0;
		};
/* End PBXFrameworksBuildPhase section */

/* Begin PBXGroup section */
		58EAB94CACD0AE71CBA87FDF /* Pods */ = {
			isa = PBXGroup;
			children = (
				4B77CA21CBF0FDF41571BA6E /* Pods-ASAutoResizingTextViewTests.debug.xcconfig */,
				3B476CAE3F8508F999CED172 /* Pods-ASAutoResizingTextViewTests.release.xcconfig */,
			);
			name = Pods;
			sourceTree = "<group>";
		};
		933A88744E7905A0F51E5609 /* Frameworks */ = {
			isa = PBXGroup;
			children = (
				2085BC517FEE6077F430B16B /* libPods-ASAutoResizingTextViewTests.a */,
			);
			name = Frameworks;
			sourceTree = "<group>";
		};
		EADC08FC1C638A0F002FC686 = {
			isa = PBXGroup;
			children = (
				EADC09071C638A0F002FC686 /* ASAutoResizingTextView */,
				EADC091C1C638A10002FC686 /* ASAutoResizingTextViewTests */,
				EADC09271C638A10002FC686 /* ASAutoResizingTextViewUITests */,
				EADC09061C638A0F002FC686 /* Products */,
				58EAB94CACD0AE71CBA87FDF /* Pods */,
				933A88744E7905A0F51E5609 /* Frameworks */,
			);
			sourceTree = "<group>";
		};
		EADC09061C638A0F002FC686 /* Products */ = {
			isa = PBXGroup;
			children = (
				EADC09051C638A0F002FC686 /* ASAutoResizingTextView.app */,
				EADC09191C638A10002FC686 /* ASAutoResizingTextViewTests.xctest */,
				EADC09241C638A10002FC686 /* ASAutoResizingTextViewUITests.xctest */,
			);
			name = Products;
			sourceTree = "<group>";
		};
		EADC09071C638A0F002FC686 /* ASAutoResizingTextView */ = {
			isa = PBXGroup;
			children = (
				EADC09081C638A0F002FC686 /* AppDelegate.swift */,
				EADC090A1C638A0F002FC686 /* ViewController.swift */,
				EADC090C1C638A0F002FC686 /* Main.storyboard */,
				EADC090F1C638A0F002FC686 /* Assets.xcassets */,
				EADC09111C638A0F002FC686 /* LaunchScreen.storyboard */,
				EADC09141C638A0F002FC686 /* Info.plist */,
				EADC09361C639034002FC686 /* ASAutoResizingTextView.swift */,
			);
			path = ASAutoResizingTextView;
			sourceTree = "<group>";
		};
		EADC091C1C638A10002FC686 /* ASAutoResizingTextViewTests */ = {
			isa = PBXGroup;
			children = (
				EADC091D1C638A10002FC686 /* ASAutoResizingTextViewTests.swift */,
				EADC091F1C638A10002FC686 /* Info.plist */,
			);
			path = ASAutoResizingTextViewTests;
			sourceTree = "<group>";
		};
		EADC09271C638A10002FC686 /* ASAutoResizingTextViewUITests */ = {
			isa = PBXGroup;
			children = (
				EADC09281C638A10002FC686 /* ASAutoResizingTextViewUITests.swift */,
				EADC092A1C638A10002FC686 /* Info.plist */,
			);
			path = ASAutoResizingTextViewUITests;
			sourceTree = "<group>";
		};
/* End PBXGroup section */

/* Begin PBXNativeTarget section */
		EADC09041C638A0F002FC686 /* ASAutoResizingTextView */ = {
			isa = PBXNativeTarget;
			buildConfigurationList = EADC092D1C638A10002FC686 /* Build configuration list for PBXNativeTarget "ASAutoResizingTextView" */;
			buildPhases = (
				EADC09011C638A0F002FC686 /* Sources */,
				EADC09021C638A0F002FC686 /* Frameworks */,
				EADC09031C638A0F002FC686 /* Resources */,
			);
			buildRules = (
			);
			dependencies = (
			);
			name = ASAutoResizingTextView;
			productName = ASAutoResizingTextView;
			productReference = EADC09051C638A0F002FC686 /* ASAutoResizingTextView.app */;
			productType = "com.apple.product-type.application";
		};
		EADC09181C638A10002FC686 /* ASAutoResizingTextViewTests */ = {
			isa = PBXNativeTarget;
			buildConfigurationList = EADC09301C638A10002FC686 /* Build configuration list for PBXNativeTarget "ASAutoResizingTextViewTests" */;
			buildPhases = (
				7B38EDC9F484DEC834757B4F /* Check Pods Manifest.lock */,
				EADC09151C638A10002FC686 /* Sources */,
				EADC09161C638A10002FC686 /* Frameworks */,
				EADC09171C638A10002FC686 /* Resources */,
				47066762BECD789447DFC1ED /* Embed Pods Frameworks */,
				4E23D5A15EA50F25015E5D60 /* Copy Pods Resources */,
			);
			buildRules = (
			);
			dependencies = (
				EADC091B1C638A10002FC686 /* PBXTargetDependency */,
			);
			name = ASAutoResizingTextViewTests;
			productName = ASAutoResizingTextViewTests;
			productReference = EADC09191C638A10002FC686 /* ASAutoResizingTextViewTests.xctest */;
			productType = "com.apple.product-type.bundle.unit-test";
		};
		EADC09231C638A10002FC686 /* ASAutoResizingTextViewUITests */ = {
			isa = PBXNativeTarget;
			buildConfigurationList = EADC09331C638A10002FC686 /* Build configuration list for PBXNativeTarget "ASAutoResizingTextViewUITests" */;
			buildPhases = (
				EADC09201C638A10002FC686 /* Sources */,
				EADC09211C638A10002FC686 /* Frameworks */,
				EADC09221C638A10002FC686 /* Resources */,
			);
			buildRules = (
			);
			dependencies = (
				EADC09261C638A10002FC686 /* PBXTargetDependency */,
			);
			name = ASAutoResizingTextViewUITests;
			productName = ASAutoResizingTextViewUITests;
			productReference = EADC09241C638A10002FC686 /* ASAutoResizingTextViewUITests.xctest */;
			productType = "com.apple.product-type.bundle.ui-testing";
		};
/* End PBXNativeTarget section */

/* Begin PBXProject section */
		EADC08FD1C638A0F002FC686 /* Project object */ = {
			isa = PBXProject;
			attributes = {
				LastSwiftUpdateCheck = 0720;
				LastUpgradeCheck = 0720;
				ORGANIZATIONNAME = "Svitlana Moiseyenko";
				TargetAttributes = {
					EADC09041C638A0F002FC686 = {
						CreatedOnToolsVersion = 7.2;
					};
					EADC09181C638A10002FC686 = {
						CreatedOnToolsVersion = 7.2;
						TestTargetID = EADC09041C638A0F002FC686;
					};
					EADC09231C638A10002FC686 = {
						CreatedOnToolsVersion = 7.2;
						TestTargetID = EADC09041C638A0F002FC686;
					};
				};
			};
			buildConfigurationList = EADC09001C638A0F002FC686 /* Build configuration list for PBXProject "ASAutoResizingTextView" */;
			compatibilityVersion = "Xcode 3.2";
			developmentRegion = English;
			hasScannedForEncodings = 0;
			knownRegions = (
				en,
				Base,
			);
			mainGroup = EADC08FC1C638A0F002FC686;
			productRefGroup = EADC09061C638A0F002FC686 /* Products */;
			projectDirPath = "";
			projectRoot = "";
			targets = (
				EADC09041C638A0F002FC686 /* ASAutoResizingTextView */,
				EADC09181C638A10002FC686 /* ASAutoResizingTextViewTests */,
				EADC09231C638A10002FC686 /* ASAutoResizingTextViewUITests */,
			);
		};
/* End PBXProject section */

/* Begin PBXResourcesBuildPhase section */
		EADC09031C638A0F002FC686 /* Resources */ = {
			isa = PBXResourcesBuildPhase;
			buildActionMask = 2147483647;
			files = (
				EADC09131C638A0F002FC686 /* LaunchScreen.storyboard in Resources */,
				EADC09101C638A0F002FC686 /* Assets.xcassets in Resources */,
				EADC090E1C638A0F002FC686 /* Main.storyboard in Resources */,
			);
			runOnlyForDeploymentPostprocessing = 0;
		};
		EADC09171C638A10002FC686 /* Resources */ = {
			isa = PBXResourcesBuildPhase;
			buildActionMask = 2147483647;
			files = (
			);
			runOnlyForDeploymentPostprocessing = 0;
		};
		EADC09221C638A10002FC686 /* Resources */ = {
			isa = PBXResourcesBuildPhase;
			buildActionMask = 2147483647;
			files = (
			);
			runOnlyForDeploymentPostprocessing = 0;
		};
/* End PBXResourcesBuildPhase section */

/* Begin PBXShellScriptBuildPhase section */
		47066762BECD789447DFC1ED /* Embed Pods Frameworks */ = {
			isa = PBXShellScriptBuildPhase;
			buildActionMask = 2147483647;
			files = (
			);
			inputPaths = (
			);
			name = "Embed Pods Frameworks";
			outputPaths = (
			);
			runOnlyForDeploymentPostprocessing = 0;
			shellPath = /bin/sh;
			shellScript = "\"${SRCROOT}/Pods/Target Support Files/Pods-ASAutoResizingTextViewTests/Pods-ASAutoResizingTextViewTests-frameworks.sh\"\n";
			showEnvVarsInLog = 0;
		};
		4E23D5A15EA50F25015E5D60 /* Copy Pods Resources */ = {
			isa = PBXShellScriptBuildPhase;
			buildActionMask = 2147483647;
			files = (
			);
			inputPaths = (
			);
			name = "Copy Pods Resources";
			outputPaths = (
			);
			runOnlyForDeploymentPostprocessing = 0;
			shellPath = /bin/sh;
			shellScript = "\"${SRCROOT}/Pods/Target Support Files/Pods-ASAutoResizingTextViewTests/Pods-ASAutoResizingTextViewTests-resources.sh\"\n";
			showEnvVarsInLog = 0;
		};
		7B38EDC9F484DEC834757B4F /* Check Pods Manifest.lock */ = {
			isa = PBXShellScriptBuildPhase;
			buildActionMask = 2147483647;
			files = (
			);
			inputPaths = (
			);
			name = "Check Pods Manifest.lock";
			outputPaths = (
			);
			runOnlyForDeploymentPostprocessing = 0;
			shellPath = /bin/sh;
			shellScript = "diff \"${PODS_ROOT}/../Podfile.lock\" \"${PODS_ROOT}/Manifest.lock\" > /dev/null\nif [[ $? != 0 ]] ; then\n    cat << EOM\nerror: The sandbox is not in sync with the Podfile.lock. Run 'pod install' or update your CocoaPods installation.\nEOM\n    exit 1\nfi\n";
			showEnvVarsInLog = 0;
		};
/* End PBXShellScriptBuildPhase section */

/* Begin PBXSourcesBuildPhase section */
		EADC09011C638A0F002FC686 /* Sources */ = {
			isa = PBXSourcesBuildPhase;
			buildActionMask = 2147483647;
			files = (
				EADC09371C639034002FC686 /* ASAutoResizingTextView.swift in Sources */,
				EADC090B1C638A0F002FC686 /* ViewController.swift in Sources */,
				EADC09091C638A0F002FC686 /* AppDelegate.swift in Sources */,
			);
			runOnlyForDeploymentPostprocessing = 0;
		};
		EADC09151C638A10002FC686 /* Sources */ = {
			isa = PBXSourcesBuildPhase;
			buildActionMask = 2147483647;
			files = (
				EADC091E1C638A10002FC686 /* ASAutoResizingTextViewTests.swift in Sources */,
			);
			runOnlyForDeploymentPostprocessing = 0;
		};
		EADC09201C638A10002FC686 /* Sources */ = {
			isa = PBXSourcesBuildPhase;
			buildActionMask = 2147483647;
			files = (
				EADC09291C638A10002FC686 /* ASAutoResizingTextViewUITests.swift in Sources */,
			);
			runOnlyForDeploymentPostprocessing = 0;
		};
/* End PBXSourcesBuildPhase section */

/* Begin PBXTargetDependency section */
		EADC091B1C638A10002FC686 /* PBXTargetDependency */ = {
			isa = PBXTargetDependency;
			target = EADC09041C638A0F002FC686 /* ASAutoResizingTextView */;
			targetProxy = EADC091A1C638A10002FC686 /* PBXContainerItemProxy */;
		};
		EADC09261C638A10002FC686 /* PBXTargetDependency */ = {
			isa = PBXTargetDependency;
			target = EADC09041C638A0F002FC686 /* ASAutoResizingTextView */;
			targetProxy = EADC09251C638A10002FC686 /* PBXContainerItemProxy */;
		};
/* End PBXTargetDependency section */

/* Begin PBXVariantGroup section */
		EADC090C1C638A0F002FC686 /* Main.storyboard */ = {
			isa = PBXVariantGroup;
			children = (
				EADC090D1C638A0F002FC686 /* Base */,
			);
			name = Main.storyboard;
			sourceTree = "<group>";
		};
		EADC09111C638A0F002FC686 /* LaunchScreen.storyboard */ = {
			isa = PBXVariantGroup;
			children = (
				EADC09121C638A0F002FC686 /* Base */,
			);
			name = LaunchScreen.storyboard;
			sourceTree = "<group>";
		};
/* End PBXVariantGroup section */

/* Begin XCBuildConfiguration section */
		EADC092B1C638A10002FC686 /* Debug */ = {
			isa = XCBuildConfiguration;
			buildSettings = {
				ALWAYS_SEARCH_USER_PATHS = NO;
				CLANG_CXX_LANGUAGE_STANDARD = "gnu++0x";
				CLANG_CXX_LIBRARY = "libc++";
				CLANG_ENABLE_MODULES = YES;
				CLANG_ENABLE_OBJC_ARC = YES;
				CLANG_WARN_BOOL_CONVERSION = YES;
				CLANG_WARN_CONSTANT_CONVERSION = YES;
				CLANG_WARN_DIRECT_OBJC_ISA_USAGE = YES_ERROR;
				CLANG_WARN_EMPTY_BODY = YES;
				CLANG_WARN_ENUM_CONVERSION = YES;
				CLANG_WARN_INT_CONVERSION = YES;
				CLANG_WARN_OBJC_ROOT_CLASS = YES_ERROR;
				CLANG_WARN_UNREACHABLE_CODE = YES;
				CLANG_WARN__DUPLICATE_METHOD_MATCH = YES;
				"CODE_SIGN_IDENTITY[sdk=iphoneos*]" = "iPhone Developer";
				COPY_PHASE_STRIP = NO;
				DEBUG_INFORMATION_FORMAT = dwarf;
				ENABLE_STRICT_OBJC_MSGSEND = YES;
				ENABLE_TESTABILITY = YES;
				GCC_C_LANGUAGE_STANDARD = gnu99;
				GCC_DYNAMIC_NO_PIC = NO;
				GCC_NO_COMMON_BLOCKS = YES;
				GCC_OPTIMIZATION_LEVEL = 0;
				GCC_PREPROCESSOR_DEFINITIONS = (
					"DEBUG=1",
					"$(inherited)",
				);
				GCC_WARN_64_TO_32_BIT_CONVERSION = YES;
				GCC_WARN_ABOUT_RETURN_TYPE = YES_ERROR;
				GCC_WARN_UNDECLARED_SELECTOR = YES;
				GCC_WARN_UNINITIALIZED_AUTOS = YES_AGGRESSIVE;
				GCC_WARN_UNUSED_FUNCTION = YES;
				GCC_WARN_UNUSED_VARIABLE = YES;
				IPHONEOS_DEPLOYMENT_TARGET = 9.2;
				MTL_ENABLE_DEBUG_INFO = YES;
				ONLY_ACTIVE_ARCH = YES;
				SDKROOT = iphoneos;
				SWIFT_OPTIMIZATION_LEVEL = "-Onone";
			};
			name = Debug;
		};
		EADC092C1C638A10002FC686 /* Release */ = {
			isa = XCBuildConfiguration;
			buildSettings = {
				ALWAYS_SEARCH_USER_PATHS = NO;
				CLANG_CXX_LANGUAGE_STANDARD = "gnu++0x";
				CLANG_CXX_LIBRARY = "libc++";
				CLANG_ENABLE_MODULES = YES;
				CLANG_ENABLE_OBJC_ARC = YES;
				CLANG_WARN_BOOL_CONVERSION = YES;
				CLANG_WARN_CONSTANT_CONVERSION = YES;
				CLANG_WARN_DIRECT_OBJC_ISA_USAGE = YES_ERROR;
				CLANG_WARN_EMPTY_BODY = YES;
				CLANG_WARN_ENUM_CONVERSION = YES;
				CLANG_WARN_INT_CONVERSION = YES;
				CLANG_WARN_OBJC_ROOT_CLASS = YES_ERROR;
				CLANG_WARN_UNREACHABLE_CODE = YES;
				CLANG_WARN__DUPLICATE_METHOD_MATCH = YES;
				"CODE_SIGN_IDENTITY[sdk=iphoneos*]" = "iPhone Developer";
				COPY_PHASE_STRIP = NO;
				DEBUG_INFORMATION_FORMAT = "dwarf-with-dsym";
				ENABLE_NS_ASSERTIONS = NO;
				ENABLE_STRICT_OBJC_MSGSEND = YES;
				GCC_C_LANGUAGE_STANDARD = gnu99;
				GCC_NO_COMMON_BLOCKS = YES;
				GCC_WARN_64_TO_32_BIT_CONVERSION = YES;
				GCC_WARN_ABOUT_RETURN_TYPE = YES_ERROR;
				GCC_WARN_UNDECLARED_SELECTOR = YES;
				GCC_WARN_UNINITIALIZED_AUTOS = YES_AGGRESSIVE;
				GCC_WARN_UNUSED_FUNCTION = YES;
				GCC_WARN_UNUSED_VARIABLE = YES;
				IPHONEOS_DEPLOYMENT_TARGET = 9.2;
				MTL_ENABLE_DEBUG_INFO = NO;
				SDKROOT = iphoneos;
				VALIDATE_PRODUCT = YES;
			};
			name = Release;
		};
		EADC092E1C638A10002FC686 /* Debug */ = {
			isa = XCBuildConfiguration;
			buildSettings = {
				ASSETCATALOG_COMPILER_APPICON_NAME = AppIcon;
				INFOPLIST_FILE = ASAutoResizingTextView/Info.plist;
				LD_RUNPATH_SEARCH_PATHS = "$(inherited) @executable_path/Frameworks";
				PRODUCT_BUNDLE_IDENTIFIER = glory.ASAutoResizingTextView;
				PRODUCT_NAME = "$(TARGET_NAME)";
			};
			name = Debug;
		};
		EADC092F1C638A10002FC686 /* Release */ = {
			isa = XCBuildConfiguration;
			buildSettings = {
				ASSETCATALOG_COMPILER_APPICON_NAME = AppIcon;
				INFOPLIST_FILE = ASAutoResizingTextView/Info.plist;
				LD_RUNPATH_SEARCH_PATHS = "$(inherited) @executable_path/Frameworks";
				PRODUCT_BUNDLE_IDENTIFIER = glory.ASAutoResizingTextView;
				PRODUCT_NAME = "$(TARGET_NAME)";
			};
			name = Release;
		};
		EADC09311C638A10002FC686 /* Debug */ = {
			isa = XCBuildConfiguration;
			baseConfigurationReference = 4B77CA21CBF0FDF41571BA6E /* Pods-ASAutoResizingTextViewTests.debug.xcconfig */;
			buildSettings = {
				BUNDLE_LOADER = "$(TEST_HOST)";
				INFOPLIST_FILE = ASAutoResizingTextViewTests/Info.plist;
				LD_RUNPATH_SEARCH_PATHS = "$(inherited) @executable_path/Frameworks @loader_path/Frameworks";
				PRODUCT_BUNDLE_IDENTIFIER = glory.ASAutoResizingTextViewTests;
				PRODUCT_NAME = "$(TARGET_NAME)";
				TEST_HOST = "$(BUILT_PRODUCTS_DIR)/ASAutoResizingTextView.app/ASAutoResizingTextView";
			};
			name = Debug;
		};
		EADC09321C638A10002FC686 /* Release */ = {
			isa = XCBuildConfiguration;
			baseConfigurationReference = 3B476CAE3F8508F999CED172 /* Pods-ASAutoResizingTextViewTests.release.xcconfig */;
			buildSettings = {
				BUNDLE_LOADER = "$(TEST_HOST)";
				INFOPLIST_FILE = ASAutoResizingTextViewTests/Info.plist;
				LD_RUNPATH_SEARCH_PATHS = "$(inherited) @executable_path/Frameworks @loader_path/Frameworks";
				PRODUCT_BUNDLE_IDENTIFIER = glory.ASAutoResizingTextViewTests;
				PRODUCT_NAME = "$(TARGET_NAME)";
				TEST_HOST = "$(BUILT_PRODUCTS_DIR)/ASAutoResizingTextView.app/ASAutoResizingTextView";
			};
			name = Release;
		};
		EADC09341C638A10002FC686 /* Debug */ = {
			isa = XCBuildConfiguration;
			buildSettings = {
				INFOPLIST_FILE = ASAutoResizingTextViewUITests/Info.plist;
				LD_RUNPATH_SEARCH_PATHS = "$(inherited) @executable_path/Frameworks @loader_path/Frameworks";
				PRODUCT_BUNDLE_IDENTIFIER = glory.ASAutoResizingTextViewUITests;
				PRODUCT_NAME = "$(TARGET_NAME)";
				TEST_TARGET_NAME = ASAutoResizingTextView;
				USES_XCTRUNNER = YES;
			};
			name = Debug;
		};
		EADC09351C638A10002FC686 /* Release */ = {
			isa = XCBuildConfiguration;
			buildSettings = {
				INFOPLIST_FILE = ASAutoResizingTextViewUITests/Info.plist;
				LD_RUNPATH_SEARCH_PATHS = "$(inherited) @executable_path/Frameworks @loader_path/Frameworks";
				PRODUCT_BUNDLE_IDENTIFIER = glory.ASAutoResizingTextViewUITests;
				PRODUCT_NAME = "$(TARGET_NAME)";
				TEST_TARGET_NAME = ASAutoResizingTextView;
				USES_XCTRUNNER = YES;
			};
			name = Release;
		};
/* End XCBuildConfiguration section */

/* Begin XCConfigurationList section */
		EADC09001C638A0F002FC686 /* Build configuration list for PBXProject "ASAutoResizingTextView" */ = {
			isa = XCConfigurationList;
			buildConfigurations = (
				EADC092B1C638A10002FC686 /* Debug */,
				EADC092C1C638A10002FC686 /* Release */,
			);
			defaultConfigurationIsVisible = 0;
			defaultConfigurationName = Release;
		};
		EADC092D1C638A10002FC686 /* Build configuration list for PBXNativeTarget "ASAutoResizingTextView" */ = {
			isa = XCConfigurationList;
			buildConfigurations = (
				EADC092E1C638A10002FC686 /* Debug */,
				EADC092F1C638A10002FC686 /* Release */,
			);
			defaultConfigurationIsVisible = 0;
			defaultConfigurationName = Release;
		};
		EADC09301C638A10002FC686 /* Build configuration list for PBXNativeTarget "ASAutoResizingTextViewTests" */ = {
			isa = XCConfigurationList;
			buildConfigurations = (
				EADC09311C638A10002FC686 /* Debug */,
				EADC09321C638A10002FC686 /* Release */,
			);
			defaultConfigurationIsVisible = 0;
			defaultConfigurationName = Release;
		};
		EADC09331C638A10002FC686 /* Build configuration list for PBXNativeTarget "ASAutoResizingTextViewUITests" */ = {
			isa = XCConfigurationList;
			buildConfigurations = (
				EADC09341C638A10002FC686 /* Debug */,
				EADC09351C638A10002FC686 /* Release */,
			);
			defaultConfigurationIsVisible = 0;
			defaultConfigurationName = Release;
		};
/* End XCConfigurationList section */
	};
	rootObject = EADC08FD1C638A0F002FC686 /* Project object */;
}
